{
  "name": "mkdocs-primer",
  "version": "0.1.0",
  "lockfileVersion": 3,
  "requires": true,
  "packages": {
    "": {
      "name": "mkdocs-primer",
      "version": "0.1.0",
      "license": "MIT",
      "devDependencies": {
        "@primer/css": "22.3.0",
        "@primer/primitives": "11.10.0"
      }
    },
    "node_modules/@primer/css": {
      "version": "22.3.0",
      "resolved": "https://registry.npmjs.org/@primer/css/-/css-22.3.0.tgz",
      "integrity": "sha512-JARQl6Ar2g+jGjxRfA85zKkM+lJV5GQz2Zn4wk4CXzQ2NYwFpOMVmhht2IPDAuTfv/lmocnEPYjW6cTmJbYGAQ==",
      "dev": true,
      "license": "MIT",
      "engines": {
        "node": ">=16.0.0"
      },
      "peerDependencies": {
        "@primer/primitives": "10.x || 11.x"
      }
    },
    "node_modules/@primer/primitives": {
      "version": "11.10.0",
      "resolved": "https://registry.npmjs.org/@primer/primitives/-/primitives-11.10.0.tgz",
      "integrity": "sha512-ihZxIst4Izry284StKFjpbYvX6R/IBFTLu+qiuAmR93PsKF2hdjoabhSYwKI8iCxOUx94jVP55bI3NoY7STjYQ==",
      "dev": true,
      "license": "MIT",
      "workspaces": [
        ".",
        "docs/storybook"
      ]
    }
  }
}
